
Microsoft Visual Studio Solution File, Format Version 12.00
Project("{FAE04EC0-301F-11D3-BF4B-00C04F79EFBC}") = "ConsoleApp1", "ConsoleApp1.csproj", "{11D0D9FA-00CD-450D-B7F4-048E6E85B72B}"
EndProject
Project("{FAE04EC0-301F-11D3-BF4B-00C04F79EFBC}") = "ConsoleApp2", "..\ConsoleApp2\ConsoleApp2.csproj", "{546AD2B2-88DD-45FE-B58D-5EBCFF63A3B5}"
EndProject
Global
	GlobalSection(SolutionConfigurationPlatforms) = preSolution
		Debug|Any CPU = Debug|Any CPU
		Debug|x64 = Debug|x64
		Debug|x86 = Debug|x86
		Release|Any CPU = Release|Any CPU
		Release|x64 = Release|x64
		Release|x86 = Release|x86
	EndGlobalSection
	GlobalSection(ProjectConfigurationPlatforms) = postSolution
		{11D0D9FA-00CD-450D-B7F4-048E6E85B72B}.Debug|Any CPU.ActiveCfg = Debug|Any CPU
		{11D0D9FA-00CD-450D-B7F4-048E6E85B72B}.Debug|Any CPU.Build.0 = Debug|Any CPU
		{11D0D9FA-00CD-450D-B7F4-048E6E85B72B}.Debug|x64.ActiveCfg = Debug|Any CPU
		{11D0D9FA-00CD-450D-B7F4-048E6E85B72B}.Debug|x64.Build.0 = Debug|Any CPU
		{11D0D9FA-00CD-450D-B7F4-048E6E85B72B}.Debug|x86.ActiveCfg = Debug|Any CPU
		{11D0D9FA-00CD-450D-B7F4-048E6E85B72B}.Debug|x86.Build.0 = Debug|Any CPU
		{11D0D9FA-00CD-450D-B7F4-048E6E85B72B}.Release|Any CPU.ActiveCfg = Release|Any CPU
		{11D0D9FA-00CD-450D-B7F4-048E6E85B72B}.Release|Any CPU.Build.0 = Release|Any CPU
		{11D0D9FA-00CD-450D-B7F4-048E6E85B72B}.Release|x64.ActiveCfg = Release|Any CPU
		{11D0D9FA-00CD-450D-B7F4-048E6E85B72B}.Release|x64.Build.0 = Release|Any CPU
		{11D0D9FA-00CD-450D-B7F4-048E6E85B72B}.Release|x86.ActiveCfg = Release|Any CPU
		{11D0D9FA-00CD-450D-B7F4-048E6E85B72B}.Release|x86.Build.0 = Release|Any CPU
		{546AD2B2-88DD-45FE-B58D-5EBCFF63A3B5}.Debug|Any CPU.ActiveCfg = Debug|Any CPU
		{546AD2B2-88DD-45FE-B58D-5EBCFF63A3B5}.Debug|Any CPU.Build.0 = Debug|Any CPU
		{546AD2B2-88DD-45FE-B58D-5EBCFF63A3B5}.Debug|x64.ActiveCfg = Debug|Any CPU
		{546AD2B2-88DD-45FE-B58D-5EBCFF63A3B5}.Debug|x64.Build.0 = Debug|Any CPU
		{546AD2B2-88DD-45FE-B58D-5EBCFF63A3B5}.Debug|x86.ActiveCfg = Debug|Any CPU
		{546AD2B2-88DD-45FE-B58D-5EBCFF63A3B5}.Debug|x86.Build.0 = Debug|Any CPU
		{546AD2B2-88DD-45FE-B58D-5EBCFF63A3B5}.Release|Any CPU.ActiveCfg = Release|Any CPU
		{546AD2B2-88DD-45FE-B58D-5EBCFF63A3B5}.Release|Any CPU.Build.0 = Release|Any CPU
		{546AD2B2-88DD-45FE-B58D-5EBCFF63A3B5}.Release|x64.ActiveCfg = Release|Any CPU
		{546AD2B2-88DD-45FE-B58D-5EBCFF63A3B5}.Release|x64.Build.0 = Release|Any CPU
		{546AD2B2-88DD-45FE-B58D-5EBCFF63A3B5}.Release|x86.ActiveCfg = Release|Any CPU
		{546AD2B2-88DD-45FE-B58D-5EBCFF63A3B5}.Release|x86.Build.0 = Release|Any CPU
	EndGlobalSection
	GlobalSection(SolutionProperties) = preSolution
		HideSolutionNode = FALSE
	EndGlobalSection
EndGlobal
